
Microsoft Visual Studio Solution File, Format Version 12.00
# Visual Studio Version 17
VisualStudioVersion = 17.14.36518.9 d17.14
MinimumVisualStudioVersion = 10.0.40219.1
Project("{FAE04EC0-301F-11D3-BF4B-00C04F79EFBC}") = "дз по компьютерной школе 9", "дз по компьютерной школе 9\дз по компьютерной школе 9.csproj", "{1394D62C-7019-4364-BA94-7A28D3172E76}"
EndProject
Global
	GlobalSection(SolutionConfigurationPlatforms) = preSolution
		Debug|Any CPU = Debug|Any CPU
		Release|Any CPU = Release|Any CPU
	EndGlobalSection
	GlobalSection(ProjectConfigurationPlatforms) = postSolution
		{1394D62C-7019-4364-BA94-7A28D3172E76}.Debug|Any CPU.ActiveCfg = Debug|Any CPU
		{1394D62C-7019-4364-BA94-7A28D3172E76}.Debug|Any CPU.Build.0 = Debug|Any CPU
		{1394D62C-7019-4364-BA94-7A28D3172E76}.Release|Any CPU.ActiveCfg = Release|Any CPU
		{1394D62C-7019-4364-BA94-7A28D3172E76}.Release|Any CPU.Build.0 = Release|Any CPU
	EndGlobalSection
	GlobalSection(SolutionProperties) = preSolution
		HideSolutionNode = FALSE
	EndGlobalSection
	GlobalSection(ExtensibilityGlobals) = postSolution
		SolutionGuid = {6C8EAEFC-E12D-415C-B574-4AB56686E162}
	EndGlobalSection
EndGlobal
