
Microsoft Visual Studio Solution File, Format Version 12.00
# Visual Studio Version 17
VisualStudioVersion = 17.14.36429.23
MinimumVisualStudioVersion = 10.0.40219.1
Project("{FAE04EC0-301F-11D3-BF4B-00C04F79EFBC}") = "Homework 10", "ConsoleApp11\Homework 10.csproj", "{DE0AA093-E621-44BA-9F24-D8DCB1E7E085}"
EndProject
Global
	GlobalSection(SolutionConfigurationPlatforms) = preSolution
		Debug|Any CPU = Debug|Any CPU
		Release|Any CPU = Release|Any CPU
	EndGlobalSection
	GlobalSection(ProjectConfigurationPlatforms) = postSolution
		{DE0AA093-E621-44BA-9F24-D8DCB1E7E085}.Debug|Any CPU.ActiveCfg = Debug|Any CPU
		{DE0AA093-E621-44BA-9F24-D8DCB1E7E085}.Debug|Any CPU.Build.0 = Debug|Any CPU
		{DE0AA093-E621-44BA-9F24-D8DCB1E7E085}.Release|Any CPU.ActiveCfg = Release|Any CPU
		{DE0AA093-E621-44BA-9F24-D8DCB1E7E085}.Release|Any CPU.Build.0 = Release|Any CPU
	EndGlobalSection
	GlobalSection(SolutionProperties) = preSolution
		HideSolutionNode = FALSE
	EndGlobalSection
	GlobalSection(ExtensibilityGlobals) = postSolution
		SolutionGuid = {790AE93E-413D-4B51-951B-40879C4B8E84}
	EndGlobalSection
EndGlobal
